
Microsoft Visual Studio Solution File, Format Version 12.00
# Visual Studio Version 17
VisualStudioVersion = 17.9.34902.65
MinimumVisualStudioVersion = 10.0.40219.1
Project("{FAE04EC0-301F-11D3-BF4B-00C04F79EFBC}") = "CasinoinClass", "CasinoinClass.csproj", "{1B68ECA3-1A14-42DF-ACE6-C2EBCB46C025}"
EndProject
Global
	GlobalSection(SolutionConfigurationPlatforms) = preSolution
		Debug|Any CPU = Debug|Any CPU
		Release|Any CPU = Release|Any CPU
	EndGlobalSection
	GlobalSection(ProjectConfigurationPlatforms) = postSolution
		{1B68ECA3-1A14-42DF-ACE6-C2EBCB46C025}.Debug|Any CPU.ActiveCfg = Debug|Any CPU
		{1B68ECA3-1A14-42DF-ACE6-C2EBCB46C025}.Debug|Any CPU.Build.0 = Debug|Any CPU
		{1B68ECA3-1A14-42DF-ACE6-C2EBCB46C025}.Release|Any CPU.ActiveCfg = Release|Any CPU
		{1B68ECA3-1A14-42DF-ACE6-C2EBCB46C025}.Release|Any CPU.Build.0 = Release|Any CPU
	EndGlobalSection
	GlobalSection(SolutionProperties) = preSolution
		HideSolutionNode = FALSE
	EndGlobalSection
	GlobalSection(ExtensibilityGlobals) = postSolution
		SolutionGuid = {1A6A941B-EFCF-4643-9AE8-CF2938C2ED4B}
	EndGlobalSection
EndGlobal
